# THIS IS AN AUTOGENERATED FILE. DO NOT EDIT THIS FILE DIRECTLY.
# yarn lockfile v1


"@types/chrome@^0.0.263":
  version "0.0.263"
  resolved "https://registry.yarnpkg.com/@types/chrome/-/chrome-0.0.263.tgz#b629fb3ae67d55eb722decbef656f685cf23d5c8"
  integrity sha512-As0vzv99ov3M6ZR7R6VzhMWFZXkPMrFrCEXXVrMN576Cm70fTkj7Df2CF+qEo170JepX50pd11cX6O4DSAtl2Q==
  dependencies:
    "@types/filesystem" "*"
    "@types/har-format" "*"

"@types/filesystem@*":
  version "0.0.36"
  resolved "https://registry.yarnpkg.com/@types/filesystem/-/filesystem-0.0.36.tgz#7227c2d76bfed1b21819db310816c7821d303857"
  integrity sha512-vPDXOZuannb9FZdxgHnqSwAG/jvdGM8Wq+6N4D/d80z+D4HWH+bItqsZaVRQykAn6WEVeEkLm2oQigyHtgb0RA==
  dependencies:
    "@types/filewriter" "*"

"@types/filewriter@*":
  version "0.0.33"
  resolved "https://registry.yarnpkg.com/@types/filewriter/-/filewriter-0.0.33.tgz#d9d611db9d9cd99ae4e458de420eeb64ad604ea8"
  integrity sha512-xFU8ZXTw4gd358lb2jw25nxY9QAgqn2+bKKjKOYfNCzN4DKCFetK7sPtrlpg66Ywe3vWY9FNxprZawAh9wfJ3g==

"@types/har-format@*":
  version "1.2.15"
  resolved "https://registry.yarnpkg.com/@types/har-format/-/har-format-1.2.15.tgz#f352493638c2f89d706438a19a9eb300b493b506"
  integrity sha512-RpQH4rXLuvTXKR0zqHq3go0RVXYv/YVqv4TnPH95VbwUxZdQlK1EtcMvQvMpDngHbt13Csh9Z4qT9AbkiQH5BA==

typescript@^5.4.3:
  version "5.4.3"
  resolved "https://registry.yarnpkg.com/typescript/-/typescript-5.4.3.tgz#5c6fedd4c87bee01cd7a528a30145521f8e0feff"
  integrity sha512-KrPd3PKaCLr78MalgiwJnA25Nm8HAmdwN3mYUYZgG/wizIo9EainNVQI9/yDavtVFRN2h3k8uf3GLHuhDMgEHg==
